// !$*UTF8*$!
{
	archiveVersion = 1;
	classes = {
	};
	objectVersion = 50;
	objects = {

/* Begin PBXBuildFile section */
		9F6F2B07246106AD00F35386 /* AppDelegate.swift in Sources */ = {isa = PBXBuildFile; fileRef = 9F6F2B06246106AD00F35386 /* AppDelegate.swift */; };
		9F6F2B09246106AD00F35386 /* SceneDelegate.swift in Sources */ = {isa = PBXBuildFile; fileRef = 9F6F2B08246106AD00F35386 /* SceneDelegate.swift */; };
		9F6F2B0B246106AD00F35386 /* ViewController.swift in Sources */ = {isa = PBXBuildFile; fileRef = 9F6F2B0A246106AD00F35386 /* ViewController.swift */; };
		9F6F2B0E246106AD00F35386 /* Main.storyboard in Resources */ = {isa = PBXBuildFile; fileRef = 9F6F2B0C246106AD00F35386 /* Main.storyboard */; };
		9F6F2B10246106B000F35386 /* Assets.xcassets in Resources */ = {isa = PBXBuildFile; fileRef = 9F6F2B0F246106B000F35386 /* Assets.xcassets */; };
		9F6F2B13246106B000F35386 /* LaunchScreen.storyboard in Resources */ = {isa = PBXBuildFile; fileRef = 9F6F2B11246106B000F35386 /* LaunchScreen.storyboard */; };
		9F6F2B1E246106B000F35386 /* WebServiceProductTests.swift in Sources */ = {isa = PBXBuildFile; fileRef = 9F6F2B1D246106B000F35386 /* WebServiceProductTests.swift */; };
		9F6F2B29246106B100F35386 /* WebServiceProductUITests.swift in Sources */ = {isa = PBXBuildFile; fileRef = 9F6F2B28246106B100F35386 /* WebServiceProductUITests.swift */; };
		9F6F2B3724610B0600F35386 /* TableViewControllerProduct.swift in Sources */ = {isa = PBXBuildFile; fileRef = 9F6F2B3624610B0600F35386 /* TableViewControllerProduct.swift */; };
		9F6F2B3924610B1A00F35386 /* TableViewCellProduct.swift in Sources */ = {isa = PBXBuildFile; fileRef = 9F6F2B3824610B1A00F35386 /* TableViewCellProduct.swift */; };
/* End PBXBuildFile section */

/* Begin PBXContainerItemProxy section */
		9F6F2B1A246106B000F35386 /* PBXContainerItemProxy */ = {
			isa = PBXContainerItemProxy;
			containerPortal = 9F6F2AFB246106AC00F35386 /* Project object */;
			proxyType = 1;
			remoteGlobalIDString = 9F6F2B02246106AD00F35386;
			remoteInfo = WebServiceProduct;
		};
		9F6F2B25246106B100F35386 /* PBXContainerItemProxy */ = {
			isa = PBXContainerItemProxy;
			containerPortal = 9F6F2AFB246106AC00F35386 /* Project object */;
			proxyType = 1;
			remoteGlobalIDString = 9F6F2B02246106AD00F35386;
			remoteInfo = WebServiceProduct;
		};
/* End PBXContainerItemProxy section */

/* Begin PBXFileReference section */
		9F6F2B03246106AD00F35386 /* WebServiceProduct.app */ = {isa = PBXFileReference; explicitFileType = wrapper.application; includeInIndex = 0; path = WebServiceProduct.app; sourceTree = BUILT_PRODUCTS_DIR; };
		9F6F2B06246106AD00F35386 /* AppDelegate.swift */ = {isa = PBXFileReference; lastKnownFileType = sourcecode.swift; path = AppDelegate.swift; sourceTree = "<group>"; };
		9F6F2B08246106AD00F35386 /* SceneDelegate.swift */ = {isa = PBXFileReference; lastKnownFileType = sourcecode.swift; path = SceneDelegate.swift; sourceTree = "<group>"; };
		9F6F2B0A246106AD00F35386 /* ViewController.swift */ = {isa = PBXFileReference; lastKnownFileType = sourcecode.swift; path = ViewController.swift; sourceTree = "<group>"; };
		9F6F2B0D246106AD00F35386 /* Base */ = {isa = PBXFileReference; lastKnownFileType = file.storyboard; name = Base; path = Base.lproj/Main.storyboard; sourceTree = "<group>"; };
		9F6F2B0F246106B000F35386 /* Assets.xcassets */ = {isa = PBXFileReference; lastKnownFileType = folder.assetcatalog; path = Assets.xcassets; sourceTree = "<group>"; };
		9F6F2B12246106B000F35386 /* Base */ = {isa = PBXFileReference; lastKnownFileType = file.storyboard; name = Base; path = Base.lproj/LaunchScreen.storyboard; sourceTree = "<group>"; };
		9F6F2B14246106B000F35386 /* Info.plist */ = {isa = PBXFileReference; lastKnownFileType = text.plist.xml; path = Info.plist; sourceTree = "<group>"; };
		9F6F2B19246106B000F35386 /* WebServiceProductTests.xctest */ = {isa = PBXFileReference; explicitFileType = wrapper.cfbundle; includeInIndex = 0; path = WebServiceProductTests.xctest; sourceTree = BUILT_PRODUCTS_DIR; };
		9F6F2B1D246106B000F35386 /* WebServiceProductTests.swift */ = {isa = PBXFileReference; lastKnownFileType = sourcecode.swift; path = WebServiceProductTests.swift; sourceTree = "<group>"; };
		9F6F2B1F246106B000F35386 /* Info.plist */ = {isa = PBXFileReference; lastKnownFileType = text.plist.xml; path = Info.plist; sourceTree = "<group>"; };
		9F6F2B24246106B100F35386 /* WebServiceProductUITests.xctest */ = {isa = PBXFileReference; explicitFileType = wrapper.cfbundle; includeInIndex = 0; path = WebServiceProductUITests.xctest; sourceTree = BUILT_PRODUCTS_DIR; };
		9F6F2B28246106B100F35386 /* WebServiceProductUITests.swift */ = {isa = PBXFileReference; lastKnownFileType = sourcecode.swift; path = WebServiceProductUITests.swift; sourceTree = "<group>"; };
		9F6F2B2A246106B100F35386 /* Info.plist */ = {isa = PBXFileReference; lastKnownFileType = text.plist.xml; path = Info.plist; sourceTree = "<group>"; };
		9F6F2B3624610B0600F35386 /* TableViewControllerProduct.swift */ = {isa = PBXFileReference; lastKnownFileType = sourcecode.swift; path = TableViewControllerProduct.swift; sourceTree = "<group>"; };
		9F6F2B3824610B1A00F35386 /* TableViewCellProduct.swift */ = {isa = PBXFileReference; lastKnownFileType = sourcecode.swift; path = TableViewCellProduct.swift; sourceTree = "<group>"; };
/* End PBXFileReference section */

/* Begin PBXFrameworksBuildPhase section */
		9F6F2B00246106AD00F35386 /* Frameworks */ = {
			isa = PBXFrameworksBuildPhase;
			buildActionMask = 2147483647;
			files = (
			);
			runOnlyForDeploymentPostprocessing = 0;
		};
		9F6F2B16246106B000F35386 /* Frameworks */ = {
			isa = PBXFrameworksBuildPhase;
			buildActionMask = 2147483647;
			files = (
			);
			runOnlyForDeploymentPostprocessing = 0;
		};
		9F6F2B21246106B000F35386 /* Frameworks */ = {
			isa = PBXFrameworksBuildPhase;
			buildActionMask = 2147483647;
			files = (
			);
			runOnlyForDeploymentPostprocessing = 0;
		};
/* End PBXFrameworksBuildPhase section */

/* Begin PBXGroup section */
		9F6F2AFA246106AC00F35386 = {
			isa = PBXGroup;
			children = (
				9F6F2B05246106AD00F35386 /* WebServiceProduct */,
				9F6F2B1C246106B000F35386 /* WebServiceProductTests */,
				9F6F2B27246106B100F35386 /* WebServiceProductUITests */,
				9F6F2B04246106AD00F35386 /* Products */,
			);
			sourceTree = "<group>";
		};
		9F6F2B04246106AD00F35386 /* Products */ = {
			isa = PBXGroup;
			children = (
				9F6F2B03246106AD00F35386 /* WebServiceProduct.app */,
				9F6F2B19246106B000F35386 /* WebServiceProductTests.xctest */,
				9F6F2B24246106B100F35386 /* WebServiceProductUITests.xctest */,
			);
			name = Products;
			sourceTree = "<group>";
		};
		9F6F2B05246106AD00F35386 /* WebServiceProduct */ = {
			isa = PBXGroup;
			children = (
				9F6F2B06246106AD00F35386 /* AppDelegate.swift */,
				9F6F2B08246106AD00F35386 /* SceneDelegate.swift */,
				9F6F2B0A246106AD00F35386 /* ViewController.swift */,
				9F6F2B0C246106AD00F35386 /* Main.storyboard */,
				9F6F2B0F246106B000F35386 /* Assets.xcassets */,
				9F6F2B11246106B000F35386 /* LaunchScreen.storyboard */,
				9F6F2B14246106B000F35386 /* Info.plist */,
				9F6F2B3624610B0600F35386 /* TableViewControllerProduct.swift */,
				9F6F2B3824610B1A00F35386 /* TableViewCellProduct.swift */,
			);
			path = WebServiceProduct;
			sourceTree = "<group>";
		};
		9F6F2B1C246106B000F35386 /* WebServiceProductTests */ = {
			isa = PBXGroup;
			children = (
				9F6F2B1D246106B000F35386 /* WebServiceProductTests.swift */,
				9F6F2B1F246106B000F35386 /* Info.plist */,
			);
			path = WebServiceProductTests;
			sourceTree = "<group>";
		};
		9F6F2B27246106B100F35386 /* WebServiceProductUITests */ = {
			isa = PBXGroup;
			children = (
				9F6F2B28246106B100F35386 /* WebServiceProductUITests.swift */,
				9F6F2B2A246106B100F35386 /* Info.plist */,
			);
			path = WebServiceProductUITests;
			sourceTree = "<group>";
		};
/* End PBXGroup section */

/* Begin PBXNativeTarget section */
		9F6F2B02246106AD00F35386 /* WebServiceProduct */ = {
			isa = PBXNativeTarget;
			buildConfigurationList = 9F6F2B2D246106B100F35386 /* Build configuration list for PBXNativeTarget "WebServiceProduct" */;
			buildPhases = (
				9F6F2AFF246106AD00F35386 /* Sources */,
				9F6F2B00246106AD00F35386 /* Frameworks */,
				9F6F2B01246106AD00F35386 /* Resources */,
			);
			buildRules = (
			);
			dependencies = (
			);
			name = WebServiceProduct;
			productName = WebServiceProduct;
			productReference = 9F6F2B03246106AD00F35386 /* WebServiceProduct.app */;
			productType = "com.apple.product-type.application";
		};
		9F6F2B18246106B000F35386 /* WebServiceProductTests */ = {
			isa = PBXNativeTarget;
			buildConfigurationList = 9F6F2B30246106B100F35386 /* Build configuration list for PBXNativeTarget "WebServiceProductTests" */;
			buildPhases = (
				9F6F2B15246106B000F35386 /* Sources */,
				9F6F2B16246106B000F35386 /* Frameworks */,
				9F6F2B17246106B000F35386 /* Resources */,
			);
			buildRules = (
			);
			dependencies = (
				9F6F2B1B246106B000F35386 /* PBXTargetDependency */,
			);
			name = WebServiceProductTests;
			productName = WebServiceProductTests;
			productReference = 9F6F2B19246106B000F35386 /* WebServiceProductTests.xctest */;
			productType = "com.apple.product-type.bundle.unit-test";
		};
		9F6F2B23246106B000F35386 /* WebServiceProductUITests */ = {
			isa = PBXNativeTarget;
			buildConfigurationList = 9F6F2B33246106B100F35386 /* Build configuration list for PBXNativeTarget "WebServiceProductUITests" */;
			buildPhases = (
				9F6F2B20246106B000F35386 /* Sources */,
				9F6F2B21246106B000F35386 /* Frameworks */,
				9F6F2B22246106B000F35386 /* Resources */,
			);
			buildRules = (
			);
			dependencies = (
				9F6F2B26246106B100F35386 /* PBXTargetDependency */,
			);
			name = WebServiceProductUITests;
			productName = WebServiceProductUITests;
			productReference = 9F6F2B24246106B100F35386 /* WebServiceProductUITests.xctest */;
			productType = "com.apple.product-type.bundle.ui-testing";
		};
/* End PBXNativeTarget section */

/* Begin PBXProject section */
		9F6F2AFB246106AC00F35386 /* Project object */ = {
			isa = PBXProject;
			attributes = {
				LastSwiftUpdateCheck = 1140;
				LastUpgradeCheck = 1140;
				ORGANIZATIONNAME = "Jimenez Melendez Miguel Angel";
				TargetAttributes = {
					9F6F2B02246106AD00F35386 = {
						CreatedOnToolsVersion = 11.4.1;
					};
					9F6F2B18246106B000F35386 = {
						CreatedOnToolsVersion = 11.4.1;
						TestTargetID = 9F6F2B02246106AD00F35386;
					};
					9F6F2B23246106B000F35386 = {
						CreatedOnToolsVersion = 11.4.1;
						TestTargetID = 9F6F2B02246106AD00F35386;
					};
				};
			};
			buildConfigurationList = 9F6F2AFE246106AD00F35386 /* Build configuration list for PBXProject "WebServiceProduct" */;
			compatibilityVersion = "Xcode 9.3";
			developmentRegion = en;
			hasScannedForEncodings = 0;
			knownRegions = (
				en,
				Base,
			);
			mainGroup = 9F6F2AFA246106AC00F35386;
			productRefGroup = 9F6F2B04246106AD00F35386 /* Products */;
			projectDirPath = "";
			projectRoot = "";
			targets = (
				9F6F2B02246106AD00F35386 /* WebServiceProduct */,
				9F6F2B18246106B000F35386 /* WebServiceProductTests */,
				9F6F2B23246106B000F35386 /* WebServiceProductUITests */,
			);
		};
/* End PBXProject section */

/* Begin PBXResourcesBuildPhase section */
		9F6F2B01246106AD00F35386 /* Resources */ = {
			isa = PBXResourcesBuildPhase;
			buildActionMask = 2147483647;
			files = (
				9F6F2B13246106B000F35386 /* LaunchScreen.storyboard in Resources */,
				9F6F2B10246106B000F35386 /* Assets.xcassets in Resources */,
				9F6F2B0E246106AD00F35386 /* Main.storyboard in Resources */,
			);
			runOnlyForDeploymentPostprocessing = 0;
		};
		9F6F2B17246106B000F35386 /* Resources */ = {
			isa = PBXResourcesBuildPhase;
			buildActionMask = 2147483647;
			files = (
			);
			runOnlyForDeploymentPostprocessing = 0;
		};
		9F6F2B22246106B000F35386 /* Resources */ = {
			isa = PBXResourcesBuildPhase;
			buildActionMask = 2147483647;
			files = (
			);
			runOnlyForDeploymentPostprocessing = 0;
		};
/* End PBXResourcesBuildPhase section */

/* Begin PBXSourcesBuildPhase section */
		9F6F2AFF246106AD00F35386 /* Sources */ = {
			isa = PBXSourcesBuildPhase;
			buildActionMask = 2147483647;
			files = (
				9F6F2B0B246106AD00F35386 /* ViewController.swift in Sources */,
				9F6F2B3924610B1A00F35386 /* TableViewCellProduct.swift in Sources */,
				9F6F2B07246106AD00F35386 /* AppDelegate.swift in Sources */,
				9F6F2B3724610B0600F35386 /* TableViewControllerProduct.swift in Sources */,
				9F6F2B09246106AD00F35386 /* SceneDelegate.swift in Sources */,
			);
			runOnlyForDeploymentPostprocessing = 0;
		};
		9F6F2B15246106B000F35386 /* Sources */ = {
			isa = PBXSourcesBuildPhase;
			buildActionMask = 2147483647;
			files = (
				9F6F2B1E246106B000F35386 /* WebServiceProductTests.swift in Sources */,
			);
			runOnlyForDeploymentPostprocessing = 0;
		};
		9F6F2B20246106B000F35386 /* Sources */ = {
			isa = PBXSourcesBuildPhase;
			buildActionMask = 2147483647;
			files = (
				9F6F2B29246106B100F35386 /* WebServiceProductUITests.swift in Sources */,
			);
			runOnlyForDeploymentPostprocessing = 0;
		};
/* End PBXSourcesBuildPhase section */

/* Begin PBXTargetDependency section */
		9F6F2B1B246106B000F35386 /* PBXTargetDependency */ = {
			isa = PBXTargetDependency;
			target = 9F6F2B02246106AD00F35386 /* WebServiceProduct */;
			targetProxy = 9F6F2B1A246106B000F35386 /* PBXContainerItemProxy */;
		};
		9F6F2B26246106B100F35386 /* PBXTargetDependency */ = {
			isa = PBXTargetDependency;
			target = 9F6F2B02246106AD00F35386 /* WebServiceProduct */;
			targetProxy = 9F6F2B25246106B100F35386 /* PBXContainerItemProxy */;
		};
/* End PBXTargetDependency section */

/* Begin PBXVariantGroup section */
		9F6F2B0C246106AD00F35386 /* Main.storyboard */ = {
			isa = PBXVariantGroup;
			children = (
				9F6F2B0D246106AD00F35386 /* Base */,
			);
			name = Main.storyboard;
			sourceTree = "<group>";
		};
		9F6F2B11246106B000F35386 /* LaunchScreen.storyboard */ = {
			isa = PBXVariantGroup;
			children = (
				9F6F2B12246106B000F35386 /* Base */,
			);
			name = LaunchScreen.storyboard;
			sourceTree = "<group>";
		};
/* End PBXVariantGroup section */

/* Begin XCBuildConfiguration section */
		9F6F2B2B246106B100F35386 /* Debug */ = {
			isa = XCBuildConfiguration;
			buildSettings = {
				ALWAYS_SEARCH_USER_PATHS = NO;
				CLANG_ANALYZER_NONNULL = YES;
				CLANG_ANALYZER_NUMBER_OBJECT_CONVERSION = YES_AGGRESSIVE;
				CLANG_CXX_LANGUAGE_STANDARD = "gnu++14";
				CLANG_CXX_LIBRARY = "libc++";
				CLANG_ENABLE_MODULES = YES;
				CLANG_ENABLE_OBJC_ARC = YES;
				CLANG_ENABLE_OBJC_WEAK = YES;
				CLANG_WARN_BLOCK_CAPTURE_AUTORELEASING = YES;
				CLANG_WARN_BOOL_CONVERSION = YES;
				CLANG_WARN_COMMA = YES;
				CLANG_WARN_CONSTANT_CONVERSION = YES;
				CLANG_WARN_DEPRECATED_OBJC_IMPLEMENTATIONS = YES;
				CLANG_WARN_DIRECT_OBJC_ISA_USAGE = YES_ERROR;
				CLANG_WARN_DOCUMENTATION_COMMENTS = YES;
				CLANG_WARN_EMPTY_BODY = YES;
				CLANG_WARN_ENUM_CONVERSION = YES;
				CLANG_WARN_INFINITE_RECURSION = YES;
				CLANG_WARN_INT_CONVERSION = YES;
				CLANG_WARN_NON_LITERAL_NULL_CONVERSION = YES;
				CLANG_WARN_OBJC_IMPLICIT_RETAIN_SELF = YES;
				CLANG_WARN_OBJC_LITERAL_CONVERSION = YES;
				CLANG_WARN_OBJC_ROOT_CLASS = YES_ERROR;
				CLANG_WARN_RANGE_LOOP_ANALYSIS = YES;
				CLANG_WARN_STRICT_PROTOTYPES = YES;
				CLANG_WARN_SUSPICIOUS_MOVE = YES;
				CLANG_WARN_UNGUARDED_AVAILABILITY = YES_AGGRESSIVE;
				CLANG_WARN_UNREACHABLE_CODE = YES;
				CLANG_WARN__DUPLICATE_METHOD_MATCH = YES;
				COPY_PHASE_STRIP = NO;
				DEBUG_INFORMATION_FORMAT = dwarf;
				ENABLE_STRICT_OBJC_MSGSEND = YES;
				ENABLE_TESTABILITY = YES;
				GCC_C_LANGUAGE_STANDARD = gnu11;
				GCC_DYNAMIC_NO_PIC = NO;
				GCC_NO_COMMON_BLOCKS = YES;
				GCC_OPTIMIZATION_LEVEL = 0;
				GCC_PREPROCESSOR_DEFINITIONS = (
					"DEBUG=1",
					"$(inherited)",
				);
				GCC_WARN_64_TO_32_BIT_CONVERSION = YES;
				GCC_WARN_ABOUT_RETURN_TYPE = YES_ERROR;
				GCC_WARN_UNDECLARED_SELECTOR = YES;
				GCC_WARN_UNINITIALIZED_AUTOS = YES_AGGRESSIVE;
				GCC_WARN_UNUSED_FUNCTION = YES;
				GCC_WARN_UNUSED_VARIABLE = YES;
				IPHONEOS_DEPLOYMENT_TARGET = 13.4;
				MTL_ENABLE_DEBUG_INFO = INCLUDE_SOURCE;
				MTL_FAST_MATH = YES;
				ONLY_ACTIVE_ARCH = YES;
				SDKROOT = iphoneos;
				SWIFT_ACTIVE_COMPILATION_CONDITIONS = DEBUG;
				SWIFT_OPTIMIZATION_LEVEL = "-Onone";
			};
			name = Debug;
		};
		9F6F2B2C246106B100F35386 /* Release */ = {
			isa = XCBuildConfiguration;
			buildSettings = {
				ALWAYS_SEARCH_USER_PATHS = NO;
				CLANG_ANALYZER_NONNULL = YES;
				CLANG_ANALYZER_NUMBER_OBJECT_CONVERSION = YES_AGGRESSIVE;
				CLANG_CXX_LANGUAGE_STANDARD = "gnu++14";
				CLANG_CXX_LIBRARY = "libc++";
				CLANG_ENABLE_MODULES = YES;
				CLANG_ENABLE_OBJC_ARC = YES;
				CLANG_ENABLE_OBJC_WEAK = YES;
				CLANG_WARN_BLOCK_CAPTURE_AUTORELEASING = YES;
				CLANG_WARN_BOOL_CONVERSION = YES;
				CLANG_WARN_COMMA = YES;
				CLANG_WARN_CONSTANT_CONVERSION = YES;
				CLANG_WARN_DEPRECATED_OBJC_IMPLEMENTATIONS = YES;
				CLANG_WARN_DIRECT_OBJC_ISA_USAGE = YES_ERROR;
				CLANG_WARN_DOCUMENTATION_COMMENTS = YES;
				CLANG_WARN_EMPTY_BODY = YES;
				CLANG_WARN_ENUM_CONVERSION = YES;
				CLANG_WARN_INFINITE_RECURSION = YES;
				CLANG_WARN_INT_CONVERSION = YES;
				CLANG_WARN_NON_LITERAL_NULL_CONVERSION = YES;
				CLANG_WARN_OBJC_IMPLICIT_RETAIN_SELF = YES;
				CLANG_WARN_OBJC_LITERAL_CONVERSION = YES;
				CLANG_WARN_OBJC_ROOT_CLASS = YES_ERROR;
				CLANG_WARN_RANGE_LOOP_ANALYSIS = YES;
				CLANG_WARN_STRICT_PROTOTYPES = YES;
				CLANG_WARN_SUSPICIOUS_MOVE = YES;
				CLANG_WARN_UNGUARDED_AVAILABILITY = YES_AGGRESSIVE;
				CLANG_WARN_UNREACHABLE_CODE = YES;
				CLANG_WARN__DUPLICATE_METHOD_MATCH = YES;
				COPY_PHASE_STRIP = NO;
				DEBUG_INFORMATION_FORMAT = "dwarf-with-dsym";
				ENABLE_NS_ASSERTIONS = NO;
				ENABLE_STRICT_OBJC_MSGSEND = YES;
				GCC_C_LANGUAGE_STANDARD = gnu11;
				GCC_NO_COMMON_BLOCKS = YES;
				GCC_WARN_64_TO_32_BIT_CONVERSION = YES;
				GCC_WARN_ABOUT_RETURN_TYPE = YES_ERROR;
				GCC_WARN_UNDECLARED_SELECTOR = YES;
				GCC_WARN_UNINITIALIZED_AUTOS = YES_AGGRESSIVE;
				GCC_WARN_UNUSED_FUNCTION = YES;
				GCC_WARN_UNUSED_VARIABLE = YES;
				IPHONEOS_DEPLOYMENT_TARGET = 13.4;
				MTL_ENABLE_DEBUG_INFO = NO;
				MTL_FAST_MATH = YES;
				SDKROOT = iphoneos;
				SWIFT_COMPILATION_MODE = wholemodule;
				SWIFT_OPTIMIZATION_LEVEL = "-O";
				VALIDATE_PRODUCT = YES;
			};
			name = Release;
		};
		9F6F2B2E246106B100F35386 /* Debug */ = {
			isa = XCBuildConfiguration;
			buildSettings = {
				ASSETCATALOG_COMPILER_APPICON_NAME = AppIcon;
				CODE_SIGN_STYLE = Automatic;
				INFOPLIST_FILE = WebServiceProduct/Info.plist;
				LD_RUNPATH_SEARCH_PATHS = (
					"$(inherited)",
					"@executable_path/Frameworks",
				);
				PRODUCT_BUNDLE_IDENTIFIER = MiGueAJM9724.WebServiceProduct;
				PRODUCT_NAME = "$(TARGET_NAME)";
				SWIFT_VERSION = 5.0;
				TARGETED_DEVICE_FAMILY = "1,2";
			};
			name = Debug;
		};
		9F6F2B2F246106B100F35386 /* Release */ = {
			isa = XCBuildConfiguration;
			buildSettings = {
				ASSETCATALOG_COMPILER_APPICON_NAME = AppIcon;
				CODE_SIGN_STYLE = Automatic;
				INFOPLIST_FILE = WebServiceProduct/Info.plist;
				LD_RUNPATH_SEARCH_PATHS = (
					"$(inherited)",
					"@executable_path/Frameworks",
				);
				PRODUCT_BUNDLE_IDENTIFIER = MiGueAJM9724.WebServiceProduct;
				PRODUCT_NAME = "$(TARGET_NAME)";
				SWIFT_VERSION = 5.0;
				TARGETED_DEVICE_FAMILY = "1,2";
			};
			name = Release;
		};
		9F6F2B31246106B100F35386 /* Debug */ = {
			isa = XCBuildConfiguration;
			buildSettings = {
				ALWAYS_EMBED_SWIFT_STANDARD_LIBRARIES = YES;
				BUNDLE_LOADER = "$(TEST_HOST)";
				CODE_SIGN_STYLE = Automatic;
				INFOPLIST_FILE = WebServiceProductTests/Info.plist;
				IPHONEOS_DEPLOYMENT_TARGET = 13.4;
				LD_RUNPATH_SEARCH_PATHS = (
					"$(inherited)",
					"@executable_path/Frameworks",
					"@loader_path/Frameworks",
				);
				PRODUCT_BUNDLE_IDENTIFIER = MiGueAJM9724.WebServiceProductTests;
				PRODUCT_NAME = "$(TARGET_NAME)";
				SWIFT_VERSION = 5.0;
				TARGETED_DEVICE_FAMILY = "1,2";
				TEST_HOST = "$(BUILT_PRODUCTS_DIR)/WebServiceProduct.app/WebServiceProduct";
			};
			name = Debug;
		};
		9F6F2B32246106B100F35386 /* Release */ = {
			isa = XCBuildConfiguration;
			buildSettings = {
				ALWAYS_EMBED_SWIFT_STANDARD_LIBRARIES = YES;
				BUNDLE_LOADER = "$(TEST_HOST)";
				CODE_SIGN_STYLE = Automatic;
				INFOPLIST_FILE = WebServiceProductTests/Info.plist;
				IPHONEOS_DEPLOYMENT_TARGET = 13.4;
				LD_RUNPATH_SEARCH_PATHS = (
					"$(inherited)",
					"@executable_path/Frameworks",
					"@loader_path/Frameworks",
				);
				PRODUCT_BUNDLE_IDENTIFIER = MiGueAJM9724.WebServiceProductTests;
				PRODUCT_NAME = "$(TARGET_NAME)";
				SWIFT_VERSION = 5.0;
				TARGETED_DEVICE_FAMILY = "1,2";
				TEST_HOST = "$(BUILT_PRODUCTS_DIR)/WebServiceProduct.app/WebServiceProduct";
			};
			name = Release;
		};
		9F6F2B34246106B100F35386 /* Debug */ = {
			isa = XCBuildConfiguration;
			buildSettings = {
				ALWAYS_EMBED_SWIFT_STANDARD_LIBRARIES = YES;
				CODE_SIGN_STYLE = Automatic;
				INFOPLIST_FILE = WebServiceProductUITests/Info.plist;
				LD_RUNPATH_SEARCH_PATHS = (
					"$(inherited)",
					"@executable_path/Frameworks",
					"@loader_path/Frameworks",
				);
				PRODUCT_BUNDLE_IDENTIFIER = MiGueAJM9724.WebServiceProductUITests;
				PRODUCT_NAME = "$(TARGET_NAME)";
				SWIFT_VERSION = 5.0;
				TARGETED_DEVICE_FAMILY = "1,2";
				TEST_TARGET_NAME = WebServiceProduct;
			};
			name = Debug;
		};
		9F6F2B35246106B100F35386 /* Release */ = {
			isa = XCBuildConfiguration;
			buildSettings = {
				ALWAYS_EMBED_SWIFT_STANDARD_LIBRARIES = YES;
				CODE_SIGN_STYLE = Automatic;
				INFOPLIST_FILE = WebServiceProductUITests/Info.plist;
				LD_RUNPATH_SEARCH_PATHS = (
					"$(inherited)",
					"@executable_path/Frameworks",
					"@loader_path/Frameworks",
				);
				PRODUCT_BUNDLE_IDENTIFIER = MiGueAJM9724.WebServiceProductUITests;
				PRODUCT_NAME = "$(TARGET_NAME)";
				SWIFT_VERSION = 5.0;
				TARGETED_DEVICE_FAMILY = "1,2";
				TEST_TARGET_NAME = WebServiceProduct;
			};
			name = Release;
		};
/* End XCBuildConfiguration section */

/* Begin XCConfigurationList section */
		9F6F2AFE246106AD00F35386 /* Build configuration list for PBXProject "WebServiceProduct" */ = {
			isa = XCConfigurationList;
			buildConfigurations = (
				9F6F2B2B246106B100F35386 /* Debug */,
				9F6F2B2C246106B100F35386 /* Release */,
			);
			defaultConfigurationIsVisible = 0;
			defaultConfigurationName = Release;
		};
		9F6F2B2D246106B100F35386 /* Build configuration list for PBXNativeTarget "WebServiceProduct" */ = {
			isa = XCConfigurationList;
			buildConfigurations = (
				9F6F2B2E246106B100F35386 /* Debug */,
				9F6F2B2F246106B100F35386 /* Release */,
			);
			defaultConfigurationIsVisible = 0;
			defaultConfigurationName = Release;
		};
		9F6F2B30246106B100F35386 /* Build configuration list for PBXNativeTarget "WebServiceProductTests" */ = {
			isa = XCConfigurationList;
			buildConfigurations = (
				9F6F2B31246106B100F35386 /* Debug */,
				9F6F2B32246106B100F35386 /* Release */,
			);
			defaultConfigurationIsVisible = 0;
			defaultConfigurationName = Release;
		};
		9F6F2B33246106B100F35386 /* Build configuration list for PBXNativeTarget "WebServiceProductUITests" */ = {
			isa = XCConfigurationList;
			buildConfigurations = (
				9F6F2B34246106B100F35386 /* Debug */,
				9F6F2B35246106B100F35386 /* Release */,
			);
			defaultConfigurationIsVisible = 0;
			defaultConfigurationName = Release;
		};
/* End XCConfigurationList section */
	};
	rootObject = 9F6F2AFB246106AC00F35386 /* Project object */;
}
